// !$*UTF8*$!
{
	archiveVersion = 1;
	classes = {
	};
	objectVersion = 56;
	objects = {

/* Begin PBXBuildFile section */
		3307405229F6AE6800823DC2 /* StarPrinter.swift in Sources */ = {isa = PBXBuildFile; fileRef = 3307405129F6AE6800823DC2 /* StarPrinter.swift */; };
		33F651D629EBF41A00337346 /* main.swift in Sources */ = {isa = PBXBuildFile; fileRef = 33F651D529EBF41A00337346 /* main.swift */; };
/* End PBXBuildFile section */

/* Begin PBXCopyFilesBuildPhase section */
		33F651C629EBF0DA00337346 /* CopyFiles */ = {
			isa = PBXCopyFilesBuildPhase;
			buildActionMask = 2147483647;
			dstPath = /usr/share/man/man1/;
			dstSubfolderSpec = 0;
			files = (
			);
			runOnlyForDeploymentPostprocessing = 1;
		};
/* End PBXCopyFilesBuildPhase section */

/* Begin PBXFileReference section */
		3307404D29F69DB300823DC2 /* FibonacciNumber.swift */ = {isa = PBXFileReference; lastKnownFileType = sourcecode.swift; path = FibonacciNumber.swift; sourceTree = "<group>"; };
		3307405129F6AE6800823DC2 /* StarPrinter.swift */ = {isa = PBXFileReference; lastKnownFileType = sourcecode.swift; path = StarPrinter.swift; sourceTree = "<group>"; };
		3371551829ED159D004BE3D4 /* MaxArea.swift */ = {isa = PBXFileReference; lastKnownFileType = sourcecode.swift; path = MaxArea.swift; sourceTree = "<group>"; };
		3371551A29ED6092004BE3D4 /* RectangleOnCoordinatePlane.swift */ = {isa = PBXFileReference; lastKnownFileType = sourcecode.swift; path = RectangleOnCoordinatePlane.swift; sourceTree = "<group>"; };
		3371552129ED862E004BE3D4 /* FindingPrimeNumber.swift */ = {isa = PBXFileReference; fileEncoding = 4; lastKnownFileType = sourcecode.swift; path = FindingPrimeNumber.swift; sourceTree = "<group>"; };
		3371552229ED862E004BE3D4 /* FindingPrimeNumber2.swift */ = {isa = PBXFileReference; fileEncoding = 4; lastKnownFileType = sourcecode.swift; path = FindingPrimeNumber2.swift; sourceTree = "<group>"; };
		3371552329ED862E004BE3D4 /* Sum.swift */ = {isa = PBXFileReference; fileEncoding = 4; lastKnownFileType = sourcecode.swift; path = Sum.swift; sourceTree = "<group>"; };
		3371552429ED862E004BE3D4 /* FindingPrimeNumber2_Refactor.swift */ = {isa = PBXFileReference; fileEncoding = 4; lastKnownFileType = sourcecode.swift; path = FindingPrimeNumber2_Refactor.swift; sourceTree = "<group>"; };
		3371552529ED862E004BE3D4 /* IntegerFactorization_Refactor.swift */ = {isa = PBXFileReference; fileEncoding = 4; lastKnownFileType = sourcecode.swift; path = IntegerFactorization_Refactor.swift; sourceTree = "<group>"; };
		3371552629ED862E004BE3D4 /* IntegerFactorization.swift */ = {isa = PBXFileReference; fileEncoding = 4; lastKnownFileType = sourcecode.swift; path = IntegerFactorization.swift; sourceTree = "<group>"; };
		33F00CCF29F002C8002132B4 /* Stack.swift */ = {isa = PBXFileReference; lastKnownFileType = sourcecode.swift; path = Stack.swift; sourceTree = "<group>"; };
		33F00CD229F00C4A002132B4 /* MinimumHeap.swift */ = {isa = PBXFileReference; lastKnownFileType = sourcecode.swift; path = MinimumHeap.swift; sourceTree = "<group>"; };
		33F651C829EBF0DA00337346 /* Algorithm */ = {isa = PBXFileReference; explicitFileType = "compiled.mach-o.executable"; includeInIndex = 0; path = Algorithm; sourceTree = BUILT_PRODUCTS_DIR; };
		33F651D529EBF41A00337346 /* main.swift */ = {isa = PBXFileReference; lastKnownFileType = sourcecode.swift; path = main.swift; sourceTree = "<group>"; };
/* End PBXFileReference section */

/* Begin PBXFrameworksBuildPhase section */
		33F651C529EBF0DA00337346 /* Frameworks */ = {
			isa = PBXFrameworksBuildPhase;
			buildActionMask = 2147483647;
			files = (
			);
			runOnlyForDeploymentPostprocessing = 0;
		};
/* End PBXFrameworksBuildPhase section */

/* Begin PBXGroup section */
		3307404F29F69DBA00823DC2 /* week02 */ = {
			isa = PBXGroup;
			children = (
				3307405029F69DD200823DC2 /* 정렬_재귀 */,
			);
			path = week02;
			sourceTree = "<group>";
		};
		3307405029F69DD200823DC2 /* 정렬_재귀 */ = {
			isa = PBXGroup;
			children = (
				3307404D29F69DB300823DC2 /* FibonacciNumber.swift */,
				3307405129F6AE6800823DC2 /* StarPrinter.swift */,
			);
			name = "정렬_재귀";
			path = "정렬_재귀";
			sourceTree = "<group>";
		};
		3371551F29ED85A6004BE3D4 /* CodingTest */ = {
			isa = PBXGroup;
			children = (
				3371551A29ED6092004BE3D4 /* RectangleOnCoordinatePlane.swift */,
				3371551829ED159D004BE3D4 /* MaxArea.swift */,
			);
			path = CodingTest;
			sourceTree = "<group>";
		};
		3371552029ED862E004BE3D4 /* week01 */ = {
			isa = PBXGroup;
			children = (
				33F00CD129F002E6002132B4 /* 자료구조 */,
				33F00CD029F002D9002132B4 /* 수학 */,
			);
			path = week01;
			sourceTree = "<group>";
		};
		33F00CD029F002D9002132B4 /* 수학 */ = {
			isa = PBXGroup;
			children = (
				3371552129ED862E004BE3D4 /* FindingPrimeNumber.swift */,
				3371552229ED862E004BE3D4 /* FindingPrimeNumber2.swift */,
				3371552329ED862E004BE3D4 /* Sum.swift */,
				3371552429ED862E004BE3D4 /* FindingPrimeNumber2_Refactor.swift */,
				3371552529ED862E004BE3D4 /* IntegerFactorization_Refactor.swift */,
				3371552629ED862E004BE3D4 /* IntegerFactorization.swift */,
			);
			name = "수학";
			path = "수학";
			sourceTree = "<group>";
		};
		33F00CD129F002E6002132B4 /* 자료구조 */ = {
			isa = PBXGroup;
			children = (
				33F00CCF29F002C8002132B4 /* Stack.swift */,
				33F00CD229F00C4A002132B4 /* MinimumHeap.swift */,
			);
			name = "자료구조";
			path = "자료구조";
			sourceTree = "<group>";
		};
		33F651BF29EBF0DA00337346 = {
			isa = PBXGroup;
			children = (
				33F651CA29EBF0DA00337346 /* Algorithm */,
				33F651C929EBF0DA00337346 /* Products */,
			);
			sourceTree = "<group>";
		};
		33F651C929EBF0DA00337346 /* Products */ = {
			isa = PBXGroup;
			children = (
				33F651C829EBF0DA00337346 /* Algorithm */,
			);
			name = Products;
			sourceTree = "<group>";
		};
		33F651CA29EBF0DA00337346 /* Algorithm */ = {
			isa = PBXGroup;
			children = (
				33F651D529EBF41A00337346 /* main.swift */,
				3307404F29F69DBA00823DC2 /* week02 */,
				3371552029ED862E004BE3D4 /* week01 */,
				3371551F29ED85A6004BE3D4 /* CodingTest */,
			);
			path = Algorithm;
			sourceTree = "<group>";
		};
/* End PBXGroup section */

/* Begin PBXNativeTarget section */
		33F651C729EBF0DA00337346 /* Algorithm */ = {
			isa = PBXNativeTarget;
			buildConfigurationList = 33F651CF29EBF0DA00337346 /* Build configuration list for PBXNativeTarget "Algorithm" */;
			buildPhases = (
				33F651C429EBF0DA00337346 /* Sources */,
				33F651C529EBF0DA00337346 /* Frameworks */,
				33F651C629EBF0DA00337346 /* CopyFiles */,
			);
			buildRules = (
			);
			dependencies = (
			);
			name = Algorithm;
			productName = Algorithm;
			productReference = 33F651C829EBF0DA00337346 /* Algorithm */;
			productType = "com.apple.product-type.tool";
		};
/* End PBXNativeTarget section */

/* Begin PBXProject section */
		33F651C029EBF0DA00337346 /* Project object */ = {
			isa = PBXProject;
			attributes = {
				BuildIndependentTargetsInParallel = 1;
				LastSwiftUpdateCheck = 1430;
				LastUpgradeCheck = 1430;
				TargetAttributes = {
					33F651C729EBF0DA00337346 = {
						CreatedOnToolsVersion = 14.3;
						LastSwiftMigration = 1430;
					};
				};
			};
			buildConfigurationList = 33F651C329EBF0DA00337346 /* Build configuration list for PBXProject "Algorithm" */;
			compatibilityVersion = "Xcode 14.0";
			developmentRegion = en;
			hasScannedForEncodings = 0;
			knownRegions = (
				en,
				Base,
			);
			mainGroup = 33F651BF29EBF0DA00337346;
			productRefGroup = 33F651C929EBF0DA00337346 /* Products */;
			projectDirPath = "";
			projectRoot = "";
			targets = (
				33F651C729EBF0DA00337346 /* Algorithm */,
			);
		};
/* End PBXProject section */

/* Begin PBXSourcesBuildPhase section */
		33F651C429EBF0DA00337346 /* Sources */ = {
			isa = PBXSourcesBuildPhase;
			buildActionMask = 2147483647;
			files = (
				3307405229F6AE6800823DC2 /* StarPrinter.swift in Sources */,
				33F651D629EBF41A00337346 /* main.swift in Sources */,
			);
			runOnlyForDeploymentPostprocessing = 0;
		};
/* End PBXSourcesBuildPhase section */

/* Begin XCBuildConfiguration section */
		33F651CD29EBF0DA00337346 /* Debug */ = {
			isa = XCBuildConfiguration;
			buildSettings = {
				ALWAYS_SEARCH_USER_PATHS = NO;
				CLANG_ANALYZER_NONNULL = YES;
				CLANG_ANALYZER_NUMBER_OBJECT_CONVERSION = YES_AGGRESSIVE;
				CLANG_CXX_LANGUAGE_STANDARD = "gnu++20";
				CLANG_ENABLE_MODULES = YES;
				CLANG_ENABLE_OBJC_ARC = YES;
				CLANG_ENABLE_OBJC_WEAK = YES;
				CLANG_WARN_BLOCK_CAPTURE_AUTORELEASING = YES;
				CLANG_WARN_BOOL_CONVERSION = YES;
				CLANG_WARN_COMMA = YES;
				CLANG_WARN_CONSTANT_CONVERSION = YES;
				CLANG_WARN_DEPRECATED_OBJC_IMPLEMENTATIONS = YES;
				CLANG_WARN_DIRECT_OBJC_ISA_USAGE = YES_ERROR;
				CLANG_WARN_DOCUMENTATION_COMMENTS = YES;
				CLANG_WARN_EMPTY_BODY = YES;
				CLANG_WARN_ENUM_CONVERSION = YES;
				CLANG_WARN_INFINITE_RECURSION = YES;
				CLANG_WARN_INT_CONVERSION = YES;
				CLANG_WARN_NON_LITERAL_NULL_CONVERSION = YES;
				CLANG_WARN_OBJC_IMPLICIT_RETAIN_SELF = YES;
				CLANG_WARN_OBJC_LITERAL_CONVERSION = YES;
				CLANG_WARN_OBJC_ROOT_CLASS = YES_ERROR;
				CLANG_WARN_QUOTED_INCLUDE_IN_FRAMEWORK_HEADER = YES;
				CLANG_WARN_RANGE_LOOP_ANALYSIS = YES;
				CLANG_WARN_STRICT_PROTOTYPES = YES;
				CLANG_WARN_SUSPICIOUS_MOVE = YES;
				CLANG_WARN_UNGUARDED_AVAILABILITY = YES_AGGRESSIVE;
				CLANG_WARN_UNREACHABLE_CODE = YES;
				CLANG_WARN__DUPLICATE_METHOD_MATCH = YES;
				COPY_PHASE_STRIP = NO;
				DEBUG_INFORMATION_FORMAT = dwarf;
				ENABLE_STRICT_OBJC_MSGSEND = YES;
				ENABLE_TESTABILITY = YES;
				GCC_C_LANGUAGE_STANDARD = gnu11;
				GCC_DYNAMIC_NO_PIC = NO;
				GCC_NO_COMMON_BLOCKS = YES;
				GCC_OPTIMIZATION_LEVEL = 0;
				GCC_PREPROCESSOR_DEFINITIONS = (
					"DEBUG=1",
					"$(inherited)",
				);
				GCC_WARN_64_TO_32_BIT_CONVERSION = YES;
				GCC_WARN_ABOUT_RETURN_TYPE = YES_ERROR;
				GCC_WARN_UNDECLARED_SELECTOR = YES;
				GCC_WARN_UNINITIALIZED_AUTOS = YES_AGGRESSIVE;
				GCC_WARN_UNUSED_FUNCTION = YES;
				GCC_WARN_UNUSED_VARIABLE = YES;
				MACOSX_DEPLOYMENT_TARGET = 13.2;
				MTL_ENABLE_DEBUG_INFO = INCLUDE_SOURCE;
				MTL_FAST_MATH = YES;
				ONLY_ACTIVE_ARCH = YES;
				SDKROOT = macosx;
				SWIFT_ACTIVE_COMPILATION_CONDITIONS = DEBUG;
				SWIFT_INSTALL_OBJC_HEADER = YES;
				SWIFT_OBJC_INTERFACE_HEADER_NAME = "$(SWIFT_MODULE_NAME)-Swift.h";
				SWIFT_OPTIMIZATION_LEVEL = "-Onone";
				SWIFT_PRECOMPILE_BRIDGING_HEADER = YES;
			};
			name = Debug;
		};
		33F651CE29EBF0DA00337346 /* Release */ = {
			isa = XCBuildConfiguration;
			buildSettings = {
				ALWAYS_SEARCH_USER_PATHS = NO;
				CLANG_ANALYZER_NONNULL = YES;
				CLANG_ANALYZER_NUMBER_OBJECT_CONVERSION = YES_AGGRESSIVE;
				CLANG_CXX_LANGUAGE_STANDARD = "gnu++20";
				CLANG_ENABLE_MODULES = YES;
				CLANG_ENABLE_OBJC_ARC = YES;
				CLANG_ENABLE_OBJC_WEAK = YES;
				CLANG_WARN_BLOCK_CAPTURE_AUTORELEASING = YES;
				CLANG_WARN_BOOL_CONVERSION = YES;
				CLANG_WARN_COMMA = YES;
				CLANG_WARN_CONSTANT_CONVERSION = YES;
				CLANG_WARN_DEPRECATED_OBJC_IMPLEMENTATIONS = YES;
				CLANG_WARN_DIRECT_OBJC_ISA_USAGE = YES_ERROR;
				CLANG_WARN_DOCUMENTATION_COMMENTS = YES;
				CLANG_WARN_EMPTY_BODY = YES;
				CLANG_WARN_ENUM_CONVERSION = YES;
				CLANG_WARN_INFINITE_RECURSION = YES;
				CLANG_WARN_INT_CONVERSION = YES;
				CLANG_WARN_NON_LITERAL_NULL_CONVERSION = YES;
				CLANG_WARN_OBJC_IMPLICIT_RETAIN_SELF = YES;
				CLANG_WARN_OBJC_LITERAL_CONVERSION = YES;
				CLANG_WARN_OBJC_ROOT_CLASS = YES_ERROR;
				CLANG_WARN_QUOTED_INCLUDE_IN_FRAMEWORK_HEADER = YES;
				CLANG_WARN_RANGE_LOOP_ANALYSIS = YES;
				CLANG_WARN_STRICT_PROTOTYPES = YES;
				CLANG_WARN_SUSPICIOUS_MOVE = YES;
				CLANG_WARN_UNGUARDED_AVAILABILITY = YES_AGGRESSIVE;
				CLANG_WARN_UNREACHABLE_CODE = YES;
				CLANG_WARN__DUPLICATE_METHOD_MATCH = YES;
				COPY_PHASE_STRIP = NO;
				DEBUG_INFORMATION_FORMAT = "dwarf-with-dsym";
				ENABLE_NS_ASSERTIONS = NO;
				ENABLE_STRICT_OBJC_MSGSEND = YES;
				GCC_C_LANGUAGE_STANDARD = gnu11;
				GCC_NO_COMMON_BLOCKS = YES;
				GCC_WARN_64_TO_32_BIT_CONVERSION = YES;
				GCC_WARN_ABOUT_RETURN_TYPE = YES_ERROR;
				GCC_WARN_UNDECLARED_SELECTOR = YES;
				GCC_WARN_UNINITIALIZED_AUTOS = YES_AGGRESSIVE;
				GCC_WARN_UNUSED_FUNCTION = YES;
				GCC_WARN_UNUSED_VARIABLE = YES;
				MACOSX_DEPLOYMENT_TARGET = 13.2;
				MTL_ENABLE_DEBUG_INFO = NO;
				MTL_FAST_MATH = YES;
				SDKROOT = macosx;
				SWIFT_COMPILATION_MODE = wholemodule;
				SWIFT_INSTALL_OBJC_HEADER = YES;
				SWIFT_OBJC_INTERFACE_HEADER_NAME = "$(SWIFT_MODULE_NAME)-Swift.h";
				SWIFT_OPTIMIZATION_LEVEL = "-O";
				SWIFT_PRECOMPILE_BRIDGING_HEADER = YES;
			};
			name = Release;
		};
		33F651D029EBF0DA00337346 /* Debug */ = {
			isa = XCBuildConfiguration;
			buildSettings = {
				CLANG_ENABLE_MODULES = YES;
				CODE_SIGN_STYLE = Automatic;
				DEVELOPMENT_TEAM = 4QNJWH8J8Y;
				ENABLE_HARDENED_RUNTIME = YES;
				PRODUCT_NAME = "$(TARGET_NAME)";
				SWIFT_OBJC_BRIDGING_HEADER = "";
				SWIFT_OPTIMIZATION_LEVEL = "-Onone";
				SWIFT_VERSION = 5.0;
			};
			name = Debug;
		};
		33F651D129EBF0DA00337346 /* Release */ = {
			isa = XCBuildConfiguration;
			buildSettings = {
				CLANG_ENABLE_MODULES = YES;
				CODE_SIGN_STYLE = Automatic;
				DEVELOPMENT_TEAM = 4QNJWH8J8Y;
				ENABLE_HARDENED_RUNTIME = YES;
				PRODUCT_NAME = "$(TARGET_NAME)";
				SWIFT_OBJC_BRIDGING_HEADER = "";
				SWIFT_VERSION = 5.0;
			};
			name = Release;
		};
/* End XCBuildConfiguration section */

/* Begin XCConfigurationList section */
		33F651C329EBF0DA00337346 /* Build configuration list for PBXProject "Algorithm" */ = {
			isa = XCConfigurationList;
			buildConfigurations = (
				33F651CD29EBF0DA00337346 /* Debug */,
				33F651CE29EBF0DA00337346 /* Release */,
			);
			defaultConfigurationIsVisible = 0;
			defaultConfigurationName = Release;
		};
		33F651CF29EBF0DA00337346 /* Build configuration list for PBXNativeTarget "Algorithm" */ = {
			isa = XCConfigurationList;
			buildConfigurations = (
				33F651D029EBF0DA00337346 /* Debug */,
				33F651D129EBF0DA00337346 /* Release */,
			);
			defaultConfigurationIsVisible = 0;
			defaultConfigurationName = Release;
		};
/* End XCConfigurationList section */
	};
	rootObject = 33F651C029EBF0DA00337346 /* Project object */;
}
